
Microsoft Visual Studio Solution File, Format Version 12.00
# Visual Studio Version 17
VisualStudioVersion = 17.9.34714.143
MinimumVisualStudioVersion = 10.0.40219.1
Project("{FAE04EC0-301F-11D3-BF4B-00C04F79EFBC}") = "Eyler's  Method", "Eyler's  Method\Eyler's  Method.csproj", "{ACF5046C-818F-4D0D-BB15-B50E539C5615}"
EndProject
Global
	GlobalSection(SolutionConfigurationPlatforms) = preSolution
		Debug|Any CPU = Debug|Any CPU
		Release|Any CPU = Release|Any CPU
	EndGlobalSection
	GlobalSection(ProjectConfigurationPlatforms) = postSolution
		{ACF5046C-818F-4D0D-BB15-B50E539C5615}.Debug|Any CPU.ActiveCfg = Debug|Any CPU
		{ACF5046C-818F-4D0D-BB15-B50E539C5615}.Debug|Any CPU.Build.0 = Debug|Any CPU
		{ACF5046C-818F-4D0D-BB15-B50E539C5615}.Release|Any CPU.ActiveCfg = Release|Any CPU
		{ACF5046C-818F-4D0D-BB15-B50E539C5615}.Release|Any CPU.Build.0 = Release|Any CPU
	EndGlobalSection
	GlobalSection(SolutionProperties) = preSolution
		HideSolutionNode = FALSE
	EndGlobalSection
	GlobalSection(ExtensibilityGlobals) = postSolution
		SolutionGuid = {36199660-39F8-468F-A5A3-4BE54F81AB53}
	EndGlobalSection
EndGlobal
