
Microsoft Visual Studio Solution File, Format Version 12.00
# Visual Studio Version 17
VisualStudioVersion = 17.9.34607.119
MinimumVisualStudioVersion = 10.0.40219.1
Project("{FAE04EC0-301F-11D3-BF4B-00C04F79EFBC}") = "Event AB", "Event AB\Event AB.csproj", "{79E683B7-4613-407E-96A8-50C04F96B59F}"
EndProject
Global
	GlobalSection(SolutionConfigurationPlatforms) = preSolution
		Debug|Any CPU = Debug|Any CPU
		Release|Any CPU = Release|Any CPU
	EndGlobalSection
	GlobalSection(ProjectConfigurationPlatforms) = postSolution
		{79E683B7-4613-407E-96A8-50C04F96B59F}.Debug|Any CPU.ActiveCfg = Debug|Any CPU
		{79E683B7-4613-407E-96A8-50C04F96B59F}.Debug|Any CPU.Build.0 = Debug|Any CPU
		{79E683B7-4613-407E-96A8-50C04F96B59F}.Release|Any CPU.ActiveCfg = Release|Any CPU
		{79E683B7-4613-407E-96A8-50C04F96B59F}.Release|Any CPU.Build.0 = Release|Any CPU
	EndGlobalSection
	GlobalSection(SolutionProperties) = preSolution
		HideSolutionNode = FALSE
	EndGlobalSection
	GlobalSection(ExtensibilityGlobals) = postSolution
		SolutionGuid = {89A62586-A64F-4A51-AB11-5B1E5C8B5390}
	EndGlobalSection
EndGlobal
